// !$*UTF8*$!
{
	archiveVersion = 1;
	classes = {
	};
	objectVersion = 46;
	objects = {

/* Begin PBXBuildFile section */
		1B0146BF1BE179EE00DC0D8C /* SettingsViewController.swift in Sources */ = {isa = PBXBuildFile; fileRef = 1B0146BE1BE179EE00DC0D8C /* SettingsViewController.swift */; };
		1B1170931BE02EC5003151F8 /* AppDelegate.swift in Sources */ = {isa = PBXBuildFile; fileRef = 1B1170921BE02EC5003151F8 /* AppDelegate.swift */; };
		1B1170981BE02EC5003151F8 /* Main.storyboard in Resources */ = {isa = PBXBuildFile; fileRef = 1B1170961BE02EC5003151F8 /* Main.storyboard */; };
		1B11709A1BE02EC5003151F8 /* Images.xcassets in Resources */ = {isa = PBXBuildFile; fileRef = 1B1170991BE02EC5003151F8 /* Images.xcassets */; };
		1B11709D1BE02EC5003151F8 /* LaunchScreen.xib in Resources */ = {isa = PBXBuildFile; fileRef = 1B11709B1BE02EC5003151F8 /* LaunchScreen.xib */; };
		1B1170A91BE02EC5003151F8 /* TablesTests.swift in Sources */ = {isa = PBXBuildFile; fileRef = 1B1170A81BE02EC5003151F8 /* TablesTests.swift */; };
		1B1170B31BE02F0D003151F8 /* TableViewController.swift in Sources */ = {isa = PBXBuildFile; fileRef = 1B1170B21BE02F0D003151F8 /* TableViewController.swift */; };
/* End PBXBuildFile section */

/* Begin PBXContainerItemProxy section */
		1B1170A31BE02EC5003151F8 /* PBXContainerItemProxy */ = {
			isa = PBXContainerItemProxy;
			containerPortal = 1B1170851BE02EC5003151F8 /* Project object */;
			proxyType = 1;
			remoteGlobalIDString = 1B11708C1BE02EC5003151F8;
			remoteInfo = Tables;
		};
/* End PBXContainerItemProxy section */

/* Begin PBXFileReference section */
		1B0146BE1BE179EE00DC0D8C /* SettingsViewController.swift */ = {isa = PBXFileReference; fileEncoding = 4; lastKnownFileType = sourcecode.swift; path = SettingsViewController.swift; sourceTree = "<group>"; };
		1B11708D1BE02EC5003151F8 /* Tables.app */ = {isa = PBXFileReference; explicitFileType = wrapper.application; includeInIndex = 0; path = Tables.app; sourceTree = BUILT_PRODUCTS_DIR; };
		1B1170911BE02EC5003151F8 /* Info.plist */ = {isa = PBXFileReference; lastKnownFileType = text.plist.xml; path = Info.plist; sourceTree = "<group>"; };
		1B1170921BE02EC5003151F8 /* AppDelegate.swift */ = {isa = PBXFileReference; lastKnownFileType = sourcecode.swift; path = AppDelegate.swift; sourceTree = "<group>"; };
		1B1170971BE02EC5003151F8 /* Base */ = {isa = PBXFileReference; lastKnownFileType = file.storyboard; name = Base; path = Base.lproj/Main.storyboard; sourceTree = "<group>"; };
		1B1170991BE02EC5003151F8 /* Images.xcassets */ = {isa = PBXFileReference; lastKnownFileType = folder.assetcatalog; path = Images.xcassets; sourceTree = "<group>"; };
		1B11709C1BE02EC5003151F8 /* Base */ = {isa = PBXFileReference; lastKnownFileType = file.xib; name = Base; path = Base.lproj/LaunchScreen.xib; sourceTree = "<group>"; };
		1B1170A21BE02EC5003151F8 /* TablesTests.xctest */ = {isa = PBXFileReference; explicitFileType = wrapper.cfbundle; includeInIndex = 0; path = TablesTests.xctest; sourceTree = BUILT_PRODUCTS_DIR; };
		1B1170A71BE02EC5003151F8 /* Info.plist */ = {isa = PBXFileReference; lastKnownFileType = text.plist.xml; path = Info.plist; sourceTree = "<group>"; };
		1B1170A81BE02EC5003151F8 /* TablesTests.swift */ = {isa = PBXFileReference; lastKnownFileType = sourcecode.swift; path = TablesTests.swift; sourceTree = "<group>"; };
		1B1170B21BE02F0D003151F8 /* TableViewController.swift */ = {isa = PBXFileReference; fileEncoding = 4; lastKnownFileType = sourcecode.swift; path = TableViewController.swift; sourceTree = "<group>"; };
/* End PBXFileReference section */

/* Begin PBXFrameworksBuildPhase section */
		1B11708A1BE02EC5003151F8 /* Frameworks */ = {
			isa = PBXFrameworksBuildPhase;
			buildActionMask = 2147483647;
			files = (
			);
			runOnlyForDeploymentPostprocessing = 0;
		};
		1B11709F1BE02EC5003151F8 /* Frameworks */ = {
			isa = PBXFrameworksBuildPhase;
			buildActionMask = 2147483647;
			files = (
			);
			runOnlyForDeploymentPostprocessing = 0;
		};
/* End PBXFrameworksBuildPhase section */

/* Begin PBXGroup section */
		1B1170841BE02EC5003151F8 = {
			isa = PBXGroup;
			children = (
				1B11708F1BE02EC5003151F8 /* Tables */,
				1B1170A51BE02EC5003151F8 /* TablesTests */,
				1B11708E1BE02EC5003151F8 /* Products */,
			);
			sourceTree = "<group>";
		};
		1B11708E1BE02EC5003151F8 /* Products */ = {
			isa = PBXGroup;
			children = (
				1B11708D1BE02EC5003151F8 /* Tables.app */,
				1B1170A21BE02EC5003151F8 /* TablesTests.xctest */,
			);
			name = Products;
			sourceTree = "<group>";
		};
		1B11708F1BE02EC5003151F8 /* Tables */ = {
			isa = PBXGroup;
			children = (
				1B1170921BE02EC5003151F8 /* AppDelegate.swift */,
				1B1170961BE02EC5003151F8 /* Main.storyboard */,
				1B1170B21BE02F0D003151F8 /* TableViewController.swift */,
				1B0146BE1BE179EE00DC0D8C /* SettingsViewController.swift */,
				1B1170991BE02EC5003151F8 /* Images.xcassets */,
				1B11709B1BE02EC5003151F8 /* LaunchScreen.xib */,
				1B1170901BE02EC5003151F8 /* Supporting Files */,
			);
			path = Tables;
			sourceTree = "<group>";
		};
		1B1170901BE02EC5003151F8 /* Supporting Files */ = {
			isa = PBXGroup;
			children = (
				1B1170911BE02EC5003151F8 /* Info.plist */,
			);
			name = "Supporting Files";
			sourceTree = "<group>";
		};
		1B1170A51BE02EC5003151F8 /* TablesTests */ = {
			isa = PBXGroup;
			children = (
				1B1170A81BE02EC5003151F8 /* TablesTests.swift */,
				1B1170A61BE02EC5003151F8 /* Supporting Files */,
			);
			path = TablesTests;
			sourceTree = "<group>";
		};
		1B1170A61BE02EC5003151F8 /* Supporting Files */ = {
			isa = PBXGroup;
			children = (
				1B1170A71BE02EC5003151F8 /* Info.plist */,
			);
			name = "Supporting Files";
			sourceTree = "<group>";
		};
/* End PBXGroup section */

/* Begin PBXNativeTarget section */
		1B11708C1BE02EC5003151F8 /* Tables */ = {
			isa = PBXNativeTarget;
			buildConfigurationList = 1B1170AC1BE02EC5003151F8 /* Build configuration list for PBXNativeTarget "Tables" */;
			buildPhases = (
				1B1170891BE02EC5003151F8 /* Sources */,
				1B11708A1BE02EC5003151F8 /* Frameworks */,
				1B11708B1BE02EC5003151F8 /* Resources */,
			);
			buildRules = (
			);
			dependencies = (
			);
			name = Tables;
			productName = Tables;
			productReference = 1B11708D1BE02EC5003151F8 /* Tables.app */;
			productType = "com.apple.product-type.application";
		};
		1B1170A11BE02EC5003151F8 /* TablesTests */ = {
			isa = PBXNativeTarget;
			buildConfigurationList = 1B1170AF1BE02EC5003151F8 /* Build configuration list for PBXNativeTarget "TablesTests" */;
			buildPhases = (
				1B11709E1BE02EC5003151F8 /* Sources */,
				1B11709F1BE02EC5003151F8 /* Frameworks */,
				1B1170A01BE02EC5003151F8 /* Resources */,
			);
			buildRules = (
			);
			dependencies = (
				1B1170A41BE02EC5003151F8 /* PBXTargetDependency */,
			);
			name = TablesTests;
			productName = TablesTests;
			productReference = 1B1170A21BE02EC5003151F8 /* TablesTests.xctest */;
			productType = "com.apple.product-type.bundle.unit-test";
		};
/* End PBXNativeTarget section */

/* Begin PBXProject section */
		1B1170851BE02EC5003151F8 /* Project object */ = {
			isa = PBXProject;
			attributes = {
				LastUpgradeCheck = 0640;
				ORGANIZATIONNAME = hagi.io;
				TargetAttributes = {
					1B11708C1BE02EC5003151F8 = {
						CreatedOnToolsVersion = 6.4;
					};
					1B1170A11BE02EC5003151F8 = {
						CreatedOnToolsVersion = 6.4;
						TestTargetID = 1B11708C1BE02EC5003151F8;
					};
				};
			};
			buildConfigurationList = 1B1170881BE02EC5003151F8 /* Build configuration list for PBXProject "Tables" */;
			compatibilityVersion = "Xcode 3.2";
			developmentRegion = English;
			hasScannedForEncodings = 0;
			knownRegions = (
				en,
				Base,
			);
			mainGroup = 1B1170841BE02EC5003151F8;
			productRefGroup = 1B11708E1BE02EC5003151F8 /* Products */;
			projectDirPath = "";
			projectRoot = "";
			targets = (
				1B11708C1BE02EC5003151F8 /* Tables */,
				1B1170A11BE02EC5003151F8 /* TablesTests */,
			);
		};
/* End PBXProject section */

/* Begin PBXResourcesBuildPhase section */
		1B11708B1BE02EC5003151F8 /* Resources */ = {
			isa = PBXResourcesBuildPhase;
			buildActionMask = 2147483647;
			files = (
				1B1170981BE02EC5003151F8 /* Main.storyboard in Resources */,
				1B11709D1BE02EC5003151F8 /* LaunchScreen.xib in Resources */,
				1B11709A1BE02EC5003151F8 /* Images.xcassets in Resources */,
			);
			runOnlyForDeploymentPostprocessing = 0;
		};
		1B1170A01BE02EC5003151F8 /* Resources */ = {
			isa = PBXResourcesBuildPhase;
			buildActionMask = 2147483647;
			files = (
			);
			runOnlyForDeploymentPostprocessing = 0;
		};
/* End PBXResourcesBuildPhase section */

/* Begin PBXSourcesBuildPhase section */
		1B1170891BE02EC5003151F8 /* Sources */ = {
			isa = PBXSourcesBuildPhase;
			buildActionMask = 2147483647;
			files = (
				1B1170B31BE02F0D003151F8 /* TableViewController.swift in Sources */,
				1B1170931BE02EC5003151F8 /* AppDelegate.swift in Sources */,
				1B0146BF1BE179EE00DC0D8C /* SettingsViewController.swift in Sources */,
			);
			runOnlyForDeploymentPostprocessing = 0;
		};
		1B11709E1BE02EC5003151F8 /* Sources */ = {
			isa = PBXSourcesBuildPhase;
			buildActionMask = 2147483647;
			files = (
				1B1170A91BE02EC5003151F8 /* TablesTests.swift in Sources */,
			);
			runOnlyForDeploymentPostprocessing = 0;
		};
/* End PBXSourcesBuildPhase section */

/* Begin PBXTargetDependency section */
		1B1170A41BE02EC5003151F8 /* PBXTargetDependency */ = {
			isa = PBXTargetDependency;
			target = 1B11708C1BE02EC5003151F8 /* Tables */;
			targetProxy = 1B1170A31BE02EC5003151F8 /* PBXContainerItemProxy */;
		};
/* End PBXTargetDependency section */

/* Begin PBXVariantGroup section */
		1B1170961BE02EC5003151F8 /* Main.storyboard */ = {
			isa = PBXVariantGroup;
			children = (
				1B1170971BE02EC5003151F8 /* Base */,
			);
			name = Main.storyboard;
			sourceTree = "<group>";
		};
		1B11709B1BE02EC5003151F8 /* LaunchScreen.xib */ = {
			isa = PBXVariantGroup;
			children = (
				1B11709C1BE02EC5003151F8 /* Base */,
			);
			name = LaunchScreen.xib;
			sourceTree = "<group>";
		};
/* End PBXVariantGroup section */

/* Begin XCBuildConfiguration section */
		1B1170AA1BE02EC5003151F8 /* Debug */ = {
			isa = XCBuildConfiguration;
			buildSettings = {
				ALWAYS_SEARCH_USER_PATHS = NO;
				CLANG_CXX_LANGUAGE_STANDARD = "gnu++0x";
				CLANG_CXX_LIBRARY = "libc++";
				CLANG_ENABLE_MODULES = YES;
				CLANG_ENABLE_OBJC_ARC = YES;
				CLANG_WARN_BOOL_CONVERSION = YES;
				CLANG_WARN_CONSTANT_CONVERSION = YES;
				CLANG_WARN_DIRECT_OBJC_ISA_USAGE = YES_ERROR;
				CLANG_WARN_EMPTY_BODY = YES;
				CLANG_WARN_ENUM_CONVERSION = YES;
				CLANG_WARN_INT_CONVERSION = YES;
				CLANG_WARN_OBJC_ROOT_CLASS = YES_ERROR;
				CLANG_WARN_UNREACHABLE_CODE = YES;
				CLANG_WARN__DUPLICATE_METHOD_MATCH = YES;
				"CODE_SIGN_IDENTITY[sdk=iphoneos*]" = "iPhone Developer";
				COPY_PHASE_STRIP = NO;
				DEBUG_INFORMATION_FORMAT = "dwarf-with-dsym";
				ENABLE_STRICT_OBJC_MSGSEND = YES;
				GCC_C_LANGUAGE_STANDARD = gnu99;
				GCC_DYNAMIC_NO_PIC = NO;
				GCC_NO_COMMON_BLOCKS = YES;
				GCC_OPTIMIZATION_LEVEL = 0;
				GCC_PREPROCESSOR_DEFINITIONS = (
					"DEBUG=1",
					"$(inherited)",
				);
				GCC_SYMBOLS_PRIVATE_EXTERN = NO;
				GCC_WARN_64_TO_32_BIT_CONVERSION = YES;
				GCC_WARN_ABOUT_RETURN_TYPE = YES_ERROR;
				GCC_WARN_UNDECLARED_SELECTOR = YES;
				GCC_WARN_UNINITIALIZED_AUTOS = YES_AGGRESSIVE;
				GCC_WARN_UNUSED_FUNCTION = YES;
				GCC_WARN_UNUSED_VARIABLE = YES;
				IPHONEOS_DEPLOYMENT_TARGET = 8.4;
				MTL_ENABLE_DEBUG_INFO = YES;
				ONLY_ACTIVE_ARCH = YES;
				SDKROOT = iphoneos;
				SWIFT_OPTIMIZATION_LEVEL = "-Onone";
			};
			name = Debug;
		};
		1B1170AB1BE02EC5003151F8 /* Release */ = {
			isa = XCBuildConfiguration;
			buildSettings = {
				ALWAYS_SEARCH_USER_PATHS = NO;
				CLANG_CXX_LANGUAGE_STANDARD = "gnu++0x";
				CLANG_CXX_LIBRARY = "libc++";
				CLANG_ENABLE_MODULES = YES;
				CLANG_ENABLE_OBJC_ARC = YES;
				CLANG_WARN_BOOL_CONVERSION = YES;
				CLANG_WARN_CONSTANT_CONVERSION = YES;
				CLANG_WARN_DIRECT_OBJC_ISA_USAGE = YES_ERROR;
				CLANG_WARN_EMPTY_BODY = YES;
				CLANG_WARN_ENUM_CONVERSION = YES;
				CLANG_WARN_INT_CONVERSION = YES;
				CLANG_WARN_OBJC_ROOT_CLASS = YES_ERROR;
				CLANG_WARN_UNREACHABLE_CODE = YES;
				CLANG_WARN__DUPLICATE_METHOD_MATCH = YES;
				"CODE_SIGN_IDENTITY[sdk=iphoneos*]" = "iPhone Developer";
				COPY_PHASE_STRIP = NO;
				DEBUG_INFORMATION_FORMAT = "dwarf-with-dsym";
				ENABLE_NS_ASSERTIONS = NO;
				ENABLE_STRICT_OBJC_MSGSEND = YES;
				GCC_C_LANGUAGE_STANDARD = gnu99;
				GCC_NO_COMMON_BLOCKS = YES;
				GCC_WARN_64_TO_32_BIT_CONVERSION = YES;
				GCC_WARN_ABOUT_RETURN_TYPE = YES_ERROR;
				GCC_WARN_UNDECLARED_SELECTOR = YES;
				GCC_WARN_UNINITIALIZED_AUTOS = YES_AGGRESSIVE;
				GCC_WARN_UNUSED_FUNCTION = YES;
				GCC_WARN_UNUSED_VARIABLE = YES;
				IPHONEOS_DEPLOYMENT_TARGET = 8.4;
				MTL_ENABLE_DEBUG_INFO = NO;
				SDKROOT = iphoneos;
				VALIDATE_PRODUCT = YES;
			};
			name = Release;
		};
		1B1170AD1BE02EC5003151F8 /* Debug */ = {
			isa = XCBuildConfiguration;
			buildSettings = {
				ASSETCATALOG_COMPILER_APPICON_NAME = AppIcon;
				INFOPLIST_FILE = Tables/Info.plist;
				LD_RUNPATH_SEARCH_PATHS = "$(inherited) @executable_path/Frameworks";
				PRODUCT_NAME = "$(TARGET_NAME)";
			};
			name = Debug;
		};
		1B1170AE1BE02EC5003151F8 /* Release */ = {
			isa = XCBuildConfiguration;
			buildSettings = {
				ASSETCATALOG_COMPILER_APPICON_NAME = AppIcon;
				INFOPLIST_FILE = Tables/Info.plist;
				LD_RUNPATH_SEARCH_PATHS = "$(inherited) @executable_path/Frameworks";
				PRODUCT_NAME = "$(TARGET_NAME)";
			};
			name = Release;
		};
		1B1170B01BE02EC5003151F8 /* Debug */ = {
			isa = XCBuildConfiguration;
			buildSettings = {
				BUNDLE_LOADER = "$(TEST_HOST)";
				FRAMEWORK_SEARCH_PATHS = (
					"$(SDKROOT)/Developer/Library/Frameworks",
					"$(inherited)",
				);
				GCC_PREPROCESSOR_DEFINITIONS = (
					"DEBUG=1",
					"$(inherited)",
				);
				INFOPLIST_FILE = TablesTests/Info.plist;
				LD_RUNPATH_SEARCH_PATHS = "$(inherited) @executable_path/Frameworks @loader_path/Frameworks";
				PRODUCT_NAME = "$(TARGET_NAME)";
				TEST_HOST = "$(BUILT_PRODUCTS_DIR)/Tables.app/Tables";
			};
			name = Debug;
		};
		1B1170B11BE02EC5003151F8 /* Release */ = {
			isa = XCBuildConfiguration;
			buildSettings = {
				BUNDLE_LOADER = "$(TEST_HOST)";
				FRAMEWORK_SEARCH_PATHS = (
					"$(SDKROOT)/Developer/Library/Frameworks",
					"$(inherited)",
				);
				INFOPLIST_FILE = TablesTests/Info.plist;
				LD_RUNPATH_SEARCH_PATHS = "$(inherited) @executable_path/Frameworks @loader_path/Frameworks";
				PRODUCT_NAME = "$(TARGET_NAME)";
				TEST_HOST = "$(BUILT_PRODUCTS_DIR)/Tables.app/Tables";
			};
			name = Release;
		};
/* End XCBuildConfiguration section */

/* Begin XCConfigurationList section */
		1B1170881BE02EC5003151F8 /* Build configuration list for PBXProject "Tables" */ = {
			isa = XCConfigurationList;
			buildConfigurations = (
				1B1170AA1BE02EC5003151F8 /* Debug */,
				1B1170AB1BE02EC5003151F8 /* Release */,
			);
			defaultConfigurationIsVisible = 0;
			defaultConfigurationName = Release;
		};
		1B1170AC1BE02EC5003151F8 /* Build configuration list for PBXNativeTarget "Tables" */ = {
			isa = XCConfigurationList;
			buildConfigurations = (
				1B1170AD1BE02EC5003151F8 /* Debug */,
				1B1170AE1BE02EC5003151F8 /* Release */,
			);
			defaultConfigurationIsVisible = 0;
			defaultConfigurationName = Release;
		};
		1B1170AF1BE02EC5003151F8 /* Build configuration list for PBXNativeTarget "TablesTests" */ = {
			isa = XCConfigurationList;
			buildConfigurations = (
				1B1170B01BE02EC5003151F8 /* Debug */,
				1B1170B11BE02EC5003151F8 /* Release */,
			);
			defaultConfigurationIsVisible = 0;
			defaultConfigurationName = Release;
		};
/* End XCConfigurationList section */
	};
	rootObject = 1B1170851BE02EC5003151F8 /* Project object */;
}
