// !$*UTF8*$!
{
	archiveVersion = 1;
	classes = {
	};
	objectVersion = 46;
	objects = {

/* Begin PBXBuildFile section */
		1B184B001BEE8970006CF67A /* AppDelegate.swift in Sources */ = {isa = PBXBuildFile; fileRef = 1B184AFF1BEE8970006CF67A /* AppDelegate.swift */; };
		1B184B031BEE8970006CF67A /* Data.xcdatamodeld in Sources */ = {isa = PBXBuildFile; fileRef = 1B184B011BEE8970006CF67A /* Data.xcdatamodeld */; };
		1B184B051BEE8970006CF67A /* ViewController.swift in Sources */ = {isa = PBXBuildFile; fileRef = 1B184B041BEE8970006CF67A /* ViewController.swift */; };
		1B184B081BEE8970006CF67A /* Main.storyboard in Resources */ = {isa = PBXBuildFile; fileRef = 1B184B061BEE8970006CF67A /* Main.storyboard */; };
		1B184B0A1BEE8970006CF67A /* Images.xcassets in Resources */ = {isa = PBXBuildFile; fileRef = 1B184B091BEE8970006CF67A /* Images.xcassets */; };
		1B184B191BEE8970006CF67A /* DataTests.swift in Sources */ = {isa = PBXBuildFile; fileRef = 1B184B181BEE8970006CF67A /* DataTests.swift */; };
		1B184B231BEF6F7B006CF67A /* User.swift in Sources */ = {isa = PBXBuildFile; fileRef = 1B184B221BEF6F7B006CF67A /* User.swift */; };
/* End PBXBuildFile section */

/* Begin PBXContainerItemProxy section */
		1B184B131BEE8970006CF67A /* PBXContainerItemProxy */ = {
			isa = PBXContainerItemProxy;
			containerPortal = 1B184AF21BEE8970006CF67A /* Project object */;
			proxyType = 1;
			remoteGlobalIDString = 1B184AF91BEE8970006CF67A;
			remoteInfo = Data;
		};
/* End PBXContainerItemProxy section */

/* Begin PBXFileReference section */
		1B184AFA1BEE8970006CF67A /* Data.app */ = {isa = PBXFileReference; explicitFileType = wrapper.application; includeInIndex = 0; path = Data.app; sourceTree = BUILT_PRODUCTS_DIR; };
		1B184AFE1BEE8970006CF67A /* Info.plist */ = {isa = PBXFileReference; lastKnownFileType = text.plist.xml; path = Info.plist; sourceTree = "<group>"; };
		1B184AFF1BEE8970006CF67A /* AppDelegate.swift */ = {isa = PBXFileReference; lastKnownFileType = sourcecode.swift; path = AppDelegate.swift; sourceTree = "<group>"; };
		1B184B021BEE8970006CF67A /* Data.xcdatamodel */ = {isa = PBXFileReference; lastKnownFileType = wrapper.xcdatamodel; path = Data.xcdatamodel; sourceTree = "<group>"; };
		1B184B041BEE8970006CF67A /* ViewController.swift */ = {isa = PBXFileReference; lastKnownFileType = sourcecode.swift; path = ViewController.swift; sourceTree = "<group>"; };
		1B184B071BEE8970006CF67A /* Base */ = {isa = PBXFileReference; lastKnownFileType = file.storyboard; name = Base; path = Base.lproj/Main.storyboard; sourceTree = "<group>"; };
		1B184B091BEE8970006CF67A /* Images.xcassets */ = {isa = PBXFileReference; lastKnownFileType = folder.assetcatalog; path = Images.xcassets; sourceTree = "<group>"; };
		1B184B121BEE8970006CF67A /* DataTests.xctest */ = {isa = PBXFileReference; explicitFileType = wrapper.cfbundle; includeInIndex = 0; path = DataTests.xctest; sourceTree = BUILT_PRODUCTS_DIR; };
		1B184B171BEE8970006CF67A /* Info.plist */ = {isa = PBXFileReference; lastKnownFileType = text.plist.xml; path = Info.plist; sourceTree = "<group>"; };
		1B184B181BEE8970006CF67A /* DataTests.swift */ = {isa = PBXFileReference; lastKnownFileType = sourcecode.swift; path = DataTests.swift; sourceTree = "<group>"; };
		1B184B221BEF6F7B006CF67A /* User.swift */ = {isa = PBXFileReference; fileEncoding = 4; lastKnownFileType = sourcecode.swift; path = User.swift; sourceTree = "<group>"; };
/* End PBXFileReference section */

/* Begin PBXFrameworksBuildPhase section */
		1B184AF71BEE8970006CF67A /* Frameworks */ = {
			isa = PBXFrameworksBuildPhase;
			buildActionMask = 2147483647;
			files = (
			);
			runOnlyForDeploymentPostprocessing = 0;
		};
		1B184B0F1BEE8970006CF67A /* Frameworks */ = {
			isa = PBXFrameworksBuildPhase;
			buildActionMask = 2147483647;
			files = (
			);
			runOnlyForDeploymentPostprocessing = 0;
		};
/* End PBXFrameworksBuildPhase section */

/* Begin PBXGroup section */
		1B184AF11BEE8970006CF67A = {
			isa = PBXGroup;
			children = (
				1B184AFC1BEE8970006CF67A /* Data */,
				1B184B151BEE8970006CF67A /* DataTests */,
				1B184AFB1BEE8970006CF67A /* Products */,
			);
			sourceTree = "<group>";
		};
		1B184AFB1BEE8970006CF67A /* Products */ = {
			isa = PBXGroup;
			children = (
				1B184AFA1BEE8970006CF67A /* Data.app */,
				1B184B121BEE8970006CF67A /* DataTests.xctest */,
			);
			name = Products;
			sourceTree = "<group>";
		};
		1B184AFC1BEE8970006CF67A /* Data */ = {
			isa = PBXGroup;
			children = (
				1B184B221BEF6F7B006CF67A /* User.swift */,
				1B184AFF1BEE8970006CF67A /* AppDelegate.swift */,
				1B184B041BEE8970006CF67A /* ViewController.swift */,
				1B184B061BEE8970006CF67A /* Main.storyboard */,
				1B184B091BEE8970006CF67A /* Images.xcassets */,
				1B184B011BEE8970006CF67A /* Data.xcdatamodeld */,
				1B184AFD1BEE8970006CF67A /* Supporting Files */,
			);
			path = Data;
			sourceTree = "<group>";
		};
		1B184AFD1BEE8970006CF67A /* Supporting Files */ = {
			isa = PBXGroup;
			children = (
				1B184AFE1BEE8970006CF67A /* Info.plist */,
			);
			name = "Supporting Files";
			sourceTree = "<group>";
		};
		1B184B151BEE8970006CF67A /* DataTests */ = {
			isa = PBXGroup;
			children = (
				1B184B181BEE8970006CF67A /* DataTests.swift */,
				1B184B161BEE8970006CF67A /* Supporting Files */,
			);
			path = DataTests;
			sourceTree = "<group>";
		};
		1B184B161BEE8970006CF67A /* Supporting Files */ = {
			isa = PBXGroup;
			children = (
				1B184B171BEE8970006CF67A /* Info.plist */,
			);
			name = "Supporting Files";
			sourceTree = "<group>";
		};
/* End PBXGroup section */

/* Begin PBXNativeTarget section */
		1B184AF91BEE8970006CF67A /* Data */ = {
			isa = PBXNativeTarget;
			buildConfigurationList = 1B184B1C1BEE8970006CF67A /* Build configuration list for PBXNativeTarget "Data" */;
			buildPhases = (
				1B184AF61BEE8970006CF67A /* Sources */,
				1B184AF71BEE8970006CF67A /* Frameworks */,
				1B184AF81BEE8970006CF67A /* Resources */,
			);
			buildRules = (
			);
			dependencies = (
			);
			name = Data;
			productName = Data;
			productReference = 1B184AFA1BEE8970006CF67A /* Data.app */;
			productType = "com.apple.product-type.application";
		};
		1B184B111BEE8970006CF67A /* DataTests */ = {
			isa = PBXNativeTarget;
			buildConfigurationList = 1B184B1F1BEE8970006CF67A /* Build configuration list for PBXNativeTarget "DataTests" */;
			buildPhases = (
				1B184B0E1BEE8970006CF67A /* Sources */,
				1B184B0F1BEE8970006CF67A /* Frameworks */,
				1B184B101BEE8970006CF67A /* Resources */,
			);
			buildRules = (
			);
			dependencies = (
				1B184B141BEE8970006CF67A /* PBXTargetDependency */,
			);
			name = DataTests;
			productName = DataTests;
			productReference = 1B184B121BEE8970006CF67A /* DataTests.xctest */;
			productType = "com.apple.product-type.bundle.unit-test";
		};
/* End PBXNativeTarget section */

/* Begin PBXProject section */
		1B184AF21BEE8970006CF67A /* Project object */ = {
			isa = PBXProject;
			attributes = {
				LastUpgradeCheck = 0640;
				ORGANIZATIONNAME = hagi.io;
				TargetAttributes = {
					1B184AF91BEE8970006CF67A = {
						CreatedOnToolsVersion = 6.4;
					};
					1B184B111BEE8970006CF67A = {
						CreatedOnToolsVersion = 6.4;
						TestTargetID = 1B184AF91BEE8970006CF67A;
					};
				};
			};
			buildConfigurationList = 1B184AF51BEE8970006CF67A /* Build configuration list for PBXProject "Data" */;
			compatibilityVersion = "Xcode 3.2";
			developmentRegion = English;
			hasScannedForEncodings = 0;
			knownRegions = (
				en,
				Base,
			);
			mainGroup = 1B184AF11BEE8970006CF67A;
			productRefGroup = 1B184AFB1BEE8970006CF67A /* Products */;
			projectDirPath = "";
			projectRoot = "";
			targets = (
				1B184AF91BEE8970006CF67A /* Data */,
				1B184B111BEE8970006CF67A /* DataTests */,
			);
		};
/* End PBXProject section */

/* Begin PBXResourcesBuildPhase section */
		1B184AF81BEE8970006CF67A /* Resources */ = {
			isa = PBXResourcesBuildPhase;
			buildActionMask = 2147483647;
			files = (
				1B184B081BEE8970006CF67A /* Main.storyboard in Resources */,
				1B184B0A1BEE8970006CF67A /* Images.xcassets in Resources */,
			);
			runOnlyForDeploymentPostprocessing = 0;
		};
		1B184B101BEE8970006CF67A /* Resources */ = {
			isa = PBXResourcesBuildPhase;
			buildActionMask = 2147483647;
			files = (
			);
			runOnlyForDeploymentPostprocessing = 0;
		};
/* End PBXResourcesBuildPhase section */

/* Begin PBXSourcesBuildPhase section */
		1B184AF61BEE8970006CF67A /* Sources */ = {
			isa = PBXSourcesBuildPhase;
			buildActionMask = 2147483647;
			files = (
				1B184B231BEF6F7B006CF67A /* User.swift in Sources */,
				1B184B051BEE8970006CF67A /* ViewController.swift in Sources */,
				1B184B001BEE8970006CF67A /* AppDelegate.swift in Sources */,
				1B184B031BEE8970006CF67A /* Data.xcdatamodeld in Sources */,
			);
			runOnlyForDeploymentPostprocessing = 0;
		};
		1B184B0E1BEE8970006CF67A /* Sources */ = {
			isa = PBXSourcesBuildPhase;
			buildActionMask = 2147483647;
			files = (
				1B184B191BEE8970006CF67A /* DataTests.swift in Sources */,
			);
			runOnlyForDeploymentPostprocessing = 0;
		};
/* End PBXSourcesBuildPhase section */

/* Begin PBXTargetDependency section */
		1B184B141BEE8970006CF67A /* PBXTargetDependency */ = {
			isa = PBXTargetDependency;
			target = 1B184AF91BEE8970006CF67A /* Data */;
			targetProxy = 1B184B131BEE8970006CF67A /* PBXContainerItemProxy */;
		};
/* End PBXTargetDependency section */

/* Begin PBXVariantGroup section */
		1B184B061BEE8970006CF67A /* Main.storyboard */ = {
			isa = PBXVariantGroup;
			children = (
				1B184B071BEE8970006CF67A /* Base */,
			);
			name = Main.storyboard;
			sourceTree = "<group>";
		};
/* End PBXVariantGroup section */

/* Begin XCBuildConfiguration section */
		1B184B1A1BEE8970006CF67A /* Debug */ = {
			isa = XCBuildConfiguration;
			buildSettings = {
				ALWAYS_SEARCH_USER_PATHS = NO;
				CLANG_CXX_LANGUAGE_STANDARD = "gnu++0x";
				CLANG_CXX_LIBRARY = "libc++";
				CLANG_ENABLE_MODULES = YES;
				CLANG_ENABLE_OBJC_ARC = YES;
				CLANG_WARN_BOOL_CONVERSION = YES;
				CLANG_WARN_CONSTANT_CONVERSION = YES;
				CLANG_WARN_DIRECT_OBJC_ISA_USAGE = YES_ERROR;
				CLANG_WARN_EMPTY_BODY = YES;
				CLANG_WARN_ENUM_CONVERSION = YES;
				CLANG_WARN_INT_CONVERSION = YES;
				CLANG_WARN_OBJC_ROOT_CLASS = YES_ERROR;
				CLANG_WARN_UNREACHABLE_CODE = YES;
				CLANG_WARN__DUPLICATE_METHOD_MATCH = YES;
				"CODE_SIGN_IDENTITY[sdk=iphoneos*]" = "iPhone Developer";
				COPY_PHASE_STRIP = NO;
				DEBUG_INFORMATION_FORMAT = "dwarf-with-dsym";
				ENABLE_STRICT_OBJC_MSGSEND = YES;
				GCC_C_LANGUAGE_STANDARD = gnu99;
				GCC_DYNAMIC_NO_PIC = NO;
				GCC_NO_COMMON_BLOCKS = YES;
				GCC_OPTIMIZATION_LEVEL = 0;
				GCC_PREPROCESSOR_DEFINITIONS = (
					"DEBUG=1",
					"$(inherited)",
				);
				GCC_SYMBOLS_PRIVATE_EXTERN = NO;
				GCC_WARN_64_TO_32_BIT_CONVERSION = YES;
				GCC_WARN_ABOUT_RETURN_TYPE = YES_ERROR;
				GCC_WARN_UNDECLARED_SELECTOR = YES;
				GCC_WARN_UNINITIALIZED_AUTOS = YES_AGGRESSIVE;
				GCC_WARN_UNUSED_FUNCTION = YES;
				GCC_WARN_UNUSED_VARIABLE = YES;
				IPHONEOS_DEPLOYMENT_TARGET = 8.4;
				MTL_ENABLE_DEBUG_INFO = YES;
				ONLY_ACTIVE_ARCH = YES;
				SDKROOT = iphoneos;
				SWIFT_OPTIMIZATION_LEVEL = "-Onone";
			};
			name = Debug;
		};
		1B184B1B1BEE8970006CF67A /* Release */ = {
			isa = XCBuildConfiguration;
			buildSettings = {
				ALWAYS_SEARCH_USER_PATHS = NO;
				CLANG_CXX_LANGUAGE_STANDARD = "gnu++0x";
				CLANG_CXX_LIBRARY = "libc++";
				CLANG_ENABLE_MODULES = YES;
				CLANG_ENABLE_OBJC_ARC = YES;
				CLANG_WARN_BOOL_CONVERSION = YES;
				CLANG_WARN_CONSTANT_CONVERSION = YES;
				CLANG_WARN_DIRECT_OBJC_ISA_USAGE = YES_ERROR;
				CLANG_WARN_EMPTY_BODY = YES;
				CLANG_WARN_ENUM_CONVERSION = YES;
				CLANG_WARN_INT_CONVERSION = YES;
				CLANG_WARN_OBJC_ROOT_CLASS = YES_ERROR;
				CLANG_WARN_UNREACHABLE_CODE = YES;
				CLANG_WARN__DUPLICATE_METHOD_MATCH = YES;
				"CODE_SIGN_IDENTITY[sdk=iphoneos*]" = "iPhone Developer";
				COPY_PHASE_STRIP = NO;
				DEBUG_INFORMATION_FORMAT = "dwarf-with-dsym";
				ENABLE_NS_ASSERTIONS = NO;
				ENABLE_STRICT_OBJC_MSGSEND = YES;
				GCC_C_LANGUAGE_STANDARD = gnu99;
				GCC_NO_COMMON_BLOCKS = YES;
				GCC_WARN_64_TO_32_BIT_CONVERSION = YES;
				GCC_WARN_ABOUT_RETURN_TYPE = YES_ERROR;
				GCC_WARN_UNDECLARED_SELECTOR = YES;
				GCC_WARN_UNINITIALIZED_AUTOS = YES_AGGRESSIVE;
				GCC_WARN_UNUSED_FUNCTION = YES;
				GCC_WARN_UNUSED_VARIABLE = YES;
				IPHONEOS_DEPLOYMENT_TARGET = 8.4;
				MTL_ENABLE_DEBUG_INFO = NO;
				SDKROOT = iphoneos;
				VALIDATE_PRODUCT = YES;
			};
			name = Release;
		};
		1B184B1D1BEE8970006CF67A /* Debug */ = {
			isa = XCBuildConfiguration;
			buildSettings = {
				ASSETCATALOG_COMPILER_APPICON_NAME = AppIcon;
				INFOPLIST_FILE = Data/Info.plist;
				LD_RUNPATH_SEARCH_PATHS = "$(inherited) @executable_path/Frameworks";
				PRODUCT_NAME = "$(TARGET_NAME)";
			};
			name = Debug;
		};
		1B184B1E1BEE8970006CF67A /* Release */ = {
			isa = XCBuildConfiguration;
			buildSettings = {
				ASSETCATALOG_COMPILER_APPICON_NAME = AppIcon;
				INFOPLIST_FILE = Data/Info.plist;
				LD_RUNPATH_SEARCH_PATHS = "$(inherited) @executable_path/Frameworks";
				PRODUCT_NAME = "$(TARGET_NAME)";
			};
			name = Release;
		};
		1B184B201BEE8970006CF67A /* Debug */ = {
			isa = XCBuildConfiguration;
			buildSettings = {
				BUNDLE_LOADER = "$(TEST_HOST)";
				FRAMEWORK_SEARCH_PATHS = (
					"$(SDKROOT)/Developer/Library/Frameworks",
					"$(inherited)",
				);
				GCC_PREPROCESSOR_DEFINITIONS = (
					"DEBUG=1",
					"$(inherited)",
				);
				INFOPLIST_FILE = DataTests/Info.plist;
				LD_RUNPATH_SEARCH_PATHS = "$(inherited) @executable_path/Frameworks @loader_path/Frameworks";
				PRODUCT_NAME = "$(TARGET_NAME)";
				TEST_HOST = "$(BUILT_PRODUCTS_DIR)/Data.app/Data";
			};
			name = Debug;
		};
		1B184B211BEE8970006CF67A /* Release */ = {
			isa = XCBuildConfiguration;
			buildSettings = {
				BUNDLE_LOADER = "$(TEST_HOST)";
				FRAMEWORK_SEARCH_PATHS = (
					"$(SDKROOT)/Developer/Library/Frameworks",
					"$(inherited)",
				);
				INFOPLIST_FILE = DataTests/Info.plist;
				LD_RUNPATH_SEARCH_PATHS = "$(inherited) @executable_path/Frameworks @loader_path/Frameworks";
				PRODUCT_NAME = "$(TARGET_NAME)";
				TEST_HOST = "$(BUILT_PRODUCTS_DIR)/Data.app/Data";
			};
			name = Release;
		};
/* End XCBuildConfiguration section */

/* Begin XCConfigurationList section */
		1B184AF51BEE8970006CF67A /* Build configuration list for PBXProject "Data" */ = {
			isa = XCConfigurationList;
			buildConfigurations = (
				1B184B1A1BEE8970006CF67A /* Debug */,
				1B184B1B1BEE8970006CF67A /* Release */,
			);
			defaultConfigurationIsVisible = 0;
			defaultConfigurationName = Release;
		};
		1B184B1C1BEE8970006CF67A /* Build configuration list for PBXNativeTarget "Data" */ = {
			isa = XCConfigurationList;
			buildConfigurations = (
				1B184B1D1BEE8970006CF67A /* Debug */,
				1B184B1E1BEE8970006CF67A /* Release */,
			);
			defaultConfigurationIsVisible = 0;
		};
		1B184B1F1BEE8970006CF67A /* Build configuration list for PBXNativeTarget "DataTests" */ = {
			isa = XCConfigurationList;
			buildConfigurations = (
				1B184B201BEE8970006CF67A /* Debug */,
				1B184B211BEE8970006CF67A /* Release */,
			);
			defaultConfigurationIsVisible = 0;
		};
/* End XCConfigurationList section */

/* Begin XCVersionGroup section */
		1B184B011BEE8970006CF67A /* Data.xcdatamodeld */ = {
			isa = XCVersionGroup;
			children = (
				1B184B021BEE8970006CF67A /* Data.xcdatamodel */,
			);
			currentVersion = 1B184B021BEE8970006CF67A /* Data.xcdatamodel */;
			path = Data.xcdatamodeld;
			sourceTree = "<group>";
			versionGroupType = wrapper.xcdatamodel;
		};
/* End XCVersionGroup section */
	};
	rootObject = 1B184AF21BEE8970006CF67A /* Project object */;
}
