// !$*UTF8*$!
{
	archiveVersion = 1;
	classes = {
	};
	objectVersion = 46;
	objects = {

/* Begin PBXBuildFile section */
		1B95F0F21BC45C77002879C1 /* AppDelegate.swift in Sources */ = {isa = PBXBuildFile; fileRef = 1B95F0F11BC45C77002879C1 /* AppDelegate.swift */; };
		1B95F0F41BC45C77002879C1 /* ViewController.swift in Sources */ = {isa = PBXBuildFile; fileRef = 1B95F0F31BC45C77002879C1 /* ViewController.swift */; };
		1B95F0F71BC45C77002879C1 /* Main.storyboard in Resources */ = {isa = PBXBuildFile; fileRef = 1B95F0F51BC45C77002879C1 /* Main.storyboard */; };
		1B95F0F91BC45C77002879C1 /* Images.xcassets in Resources */ = {isa = PBXBuildFile; fileRef = 1B95F0F81BC45C77002879C1 /* Images.xcassets */; };
		1B95F0FC1BC45C77002879C1 /* LaunchScreen.xib in Resources */ = {isa = PBXBuildFile; fileRef = 1B95F0FA1BC45C77002879C1 /* LaunchScreen.xib */; };
		1B95F1081BC45C77002879C1 /* TextInputsTests.swift in Sources */ = {isa = PBXBuildFile; fileRef = 1B95F1071BC45C77002879C1 /* TextInputsTests.swift */; };
/* End PBXBuildFile section */

/* Begin PBXContainerItemProxy section */
		1B95F1021BC45C77002879C1 /* PBXContainerItemProxy */ = {
			isa = PBXContainerItemProxy;
			containerPortal = 1B95F0E41BC45C77002879C1 /* Project object */;
			proxyType = 1;
			remoteGlobalIDString = 1B95F0EB1BC45C77002879C1;
			remoteInfo = TextInputs;
		};
/* End PBXContainerItemProxy section */

/* Begin PBXFileReference section */
		1B95F0EC1BC45C77002879C1 /* TextInputs.app */ = {isa = PBXFileReference; explicitFileType = wrapper.application; includeInIndex = 0; path = TextInputs.app; sourceTree = BUILT_PRODUCTS_DIR; };
		1B95F0F01BC45C77002879C1 /* Info.plist */ = {isa = PBXFileReference; lastKnownFileType = text.plist.xml; path = Info.plist; sourceTree = "<group>"; };
		1B95F0F11BC45C77002879C1 /* AppDelegate.swift */ = {isa = PBXFileReference; lastKnownFileType = sourcecode.swift; path = AppDelegate.swift; sourceTree = "<group>"; };
		1B95F0F31BC45C77002879C1 /* ViewController.swift */ = {isa = PBXFileReference; lastKnownFileType = sourcecode.swift; path = ViewController.swift; sourceTree = "<group>"; };
		1B95F0F61BC45C77002879C1 /* Base */ = {isa = PBXFileReference; lastKnownFileType = file.storyboard; name = Base; path = Base.lproj/Main.storyboard; sourceTree = "<group>"; };
		1B95F0F81BC45C77002879C1 /* Images.xcassets */ = {isa = PBXFileReference; lastKnownFileType = folder.assetcatalog; path = Images.xcassets; sourceTree = "<group>"; };
		1B95F0FB1BC45C77002879C1 /* Base */ = {isa = PBXFileReference; lastKnownFileType = file.xib; name = Base; path = Base.lproj/LaunchScreen.xib; sourceTree = "<group>"; };
		1B95F1011BC45C77002879C1 /* TextInputsTests.xctest */ = {isa = PBXFileReference; explicitFileType = wrapper.cfbundle; includeInIndex = 0; path = TextInputsTests.xctest; sourceTree = BUILT_PRODUCTS_DIR; };
		1B95F1061BC45C77002879C1 /* Info.plist */ = {isa = PBXFileReference; lastKnownFileType = text.plist.xml; path = Info.plist; sourceTree = "<group>"; };
		1B95F1071BC45C77002879C1 /* TextInputsTests.swift */ = {isa = PBXFileReference; lastKnownFileType = sourcecode.swift; path = TextInputsTests.swift; sourceTree = "<group>"; };
/* End PBXFileReference section */

/* Begin PBXFrameworksBuildPhase section */
		1B95F0E91BC45C77002879C1 /* Frameworks */ = {
			isa = PBXFrameworksBuildPhase;
			buildActionMask = 2147483647;
			files = (
			);
			runOnlyForDeploymentPostprocessing = 0;
		};
		1B95F0FE1BC45C77002879C1 /* Frameworks */ = {
			isa = PBXFrameworksBuildPhase;
			buildActionMask = 2147483647;
			files = (
			);
			runOnlyForDeploymentPostprocessing = 0;
		};
/* End PBXFrameworksBuildPhase section */

/* Begin PBXGroup section */
		1B95F0E31BC45C77002879C1 = {
			isa = PBXGroup;
			children = (
				1B95F0EE1BC45C77002879C1 /* TextInputs */,
				1B95F1041BC45C77002879C1 /* TextInputsTests */,
				1B95F0ED1BC45C77002879C1 /* Products */,
			);
			sourceTree = "<group>";
		};
		1B95F0ED1BC45C77002879C1 /* Products */ = {
			isa = PBXGroup;
			children = (
				1B95F0EC1BC45C77002879C1 /* TextInputs.app */,
				1B95F1011BC45C77002879C1 /* TextInputsTests.xctest */,
			);
			name = Products;
			sourceTree = "<group>";
		};
		1B95F0EE1BC45C77002879C1 /* TextInputs */ = {
			isa = PBXGroup;
			children = (
				1B95F0F11BC45C77002879C1 /* AppDelegate.swift */,
				1B95F0F31BC45C77002879C1 /* ViewController.swift */,
				1B95F0F51BC45C77002879C1 /* Main.storyboard */,
				1B95F0F81BC45C77002879C1 /* Images.xcassets */,
				1B95F0FA1BC45C77002879C1 /* LaunchScreen.xib */,
				1B95F0EF1BC45C77002879C1 /* Supporting Files */,
			);
			path = TextInputs;
			sourceTree = "<group>";
		};
		1B95F0EF1BC45C77002879C1 /* Supporting Files */ = {
			isa = PBXGroup;
			children = (
				1B95F0F01BC45C77002879C1 /* Info.plist */,
			);
			name = "Supporting Files";
			sourceTree = "<group>";
		};
		1B95F1041BC45C77002879C1 /* TextInputsTests */ = {
			isa = PBXGroup;
			children = (
				1B95F1071BC45C77002879C1 /* TextInputsTests.swift */,
				1B95F1051BC45C77002879C1 /* Supporting Files */,
			);
			path = TextInputsTests;
			sourceTree = "<group>";
		};
		1B95F1051BC45C77002879C1 /* Supporting Files */ = {
			isa = PBXGroup;
			children = (
				1B95F1061BC45C77002879C1 /* Info.plist */,
			);
			name = "Supporting Files";
			sourceTree = "<group>";
		};
/* End PBXGroup section */

/* Begin PBXNativeTarget section */
		1B95F0EB1BC45C77002879C1 /* TextInputs */ = {
			isa = PBXNativeTarget;
			buildConfigurationList = 1B95F10B1BC45C77002879C1 /* Build configuration list for PBXNativeTarget "TextInputs" */;
			buildPhases = (
				1B95F0E81BC45C77002879C1 /* Sources */,
				1B95F0E91BC45C77002879C1 /* Frameworks */,
				1B95F0EA1BC45C77002879C1 /* Resources */,
			);
			buildRules = (
			);
			dependencies = (
			);
			name = TextInputs;
			productName = TextInputs;
			productReference = 1B95F0EC1BC45C77002879C1 /* TextInputs.app */;
			productType = "com.apple.product-type.application";
		};
		1B95F1001BC45C77002879C1 /* TextInputsTests */ = {
			isa = PBXNativeTarget;
			buildConfigurationList = 1B95F10E1BC45C77002879C1 /* Build configuration list for PBXNativeTarget "TextInputsTests" */;
			buildPhases = (
				1B95F0FD1BC45C77002879C1 /* Sources */,
				1B95F0FE1BC45C77002879C1 /* Frameworks */,
				1B95F0FF1BC45C77002879C1 /* Resources */,
			);
			buildRules = (
			);
			dependencies = (
				1B95F1031BC45C77002879C1 /* PBXTargetDependency */,
			);
			name = TextInputsTests;
			productName = TextInputsTests;
			productReference = 1B95F1011BC45C77002879C1 /* TextInputsTests.xctest */;
			productType = "com.apple.product-type.bundle.unit-test";
		};
/* End PBXNativeTarget section */

/* Begin PBXProject section */
		1B95F0E41BC45C77002879C1 /* Project object */ = {
			isa = PBXProject;
			attributes = {
				LastUpgradeCheck = 0640;
				ORGANIZATIONNAME = lazylabs;
				TargetAttributes = {
					1B95F0EB1BC45C77002879C1 = {
						CreatedOnToolsVersion = 6.4;
					};
					1B95F1001BC45C77002879C1 = {
						CreatedOnToolsVersion = 6.4;
						TestTargetID = 1B95F0EB1BC45C77002879C1;
					};
				};
			};
			buildConfigurationList = 1B95F0E71BC45C77002879C1 /* Build configuration list for PBXProject "TextInputs" */;
			compatibilityVersion = "Xcode 3.2";
			developmentRegion = English;
			hasScannedForEncodings = 0;
			knownRegions = (
				en,
				Base,
			);
			mainGroup = 1B95F0E31BC45C77002879C1;
			productRefGroup = 1B95F0ED1BC45C77002879C1 /* Products */;
			projectDirPath = "";
			projectRoot = "";
			targets = (
				1B95F0EB1BC45C77002879C1 /* TextInputs */,
				1B95F1001BC45C77002879C1 /* TextInputsTests */,
			);
		};
/* End PBXProject section */

/* Begin PBXResourcesBuildPhase section */
		1B95F0EA1BC45C77002879C1 /* Resources */ = {
			isa = PBXResourcesBuildPhase;
			buildActionMask = 2147483647;
			files = (
				1B95F0F71BC45C77002879C1 /* Main.storyboard in Resources */,
				1B95F0FC1BC45C77002879C1 /* LaunchScreen.xib in Resources */,
				1B95F0F91BC45C77002879C1 /* Images.xcassets in Resources */,
			);
			runOnlyForDeploymentPostprocessing = 0;
		};
		1B95F0FF1BC45C77002879C1 /* Resources */ = {
			isa = PBXResourcesBuildPhase;
			buildActionMask = 2147483647;
			files = (
			);
			runOnlyForDeploymentPostprocessing = 0;
		};
/* End PBXResourcesBuildPhase section */

/* Begin PBXSourcesBuildPhase section */
		1B95F0E81BC45C77002879C1 /* Sources */ = {
			isa = PBXSourcesBuildPhase;
			buildActionMask = 2147483647;
			files = (
				1B95F0F41BC45C77002879C1 /* ViewController.swift in Sources */,
				1B95F0F21BC45C77002879C1 /* AppDelegate.swift in Sources */,
			);
			runOnlyForDeploymentPostprocessing = 0;
		};
		1B95F0FD1BC45C77002879C1 /* Sources */ = {
			isa = PBXSourcesBuildPhase;
			buildActionMask = 2147483647;
			files = (
				1B95F1081BC45C77002879C1 /* TextInputsTests.swift in Sources */,
			);
			runOnlyForDeploymentPostprocessing = 0;
		};
/* End PBXSourcesBuildPhase section */

/* Begin PBXTargetDependency section */
		1B95F1031BC45C77002879C1 /* PBXTargetDependency */ = {
			isa = PBXTargetDependency;
			target = 1B95F0EB1BC45C77002879C1 /* TextInputs */;
			targetProxy = 1B95F1021BC45C77002879C1 /* PBXContainerItemProxy */;
		};
/* End PBXTargetDependency section */

/* Begin PBXVariantGroup section */
		1B95F0F51BC45C77002879C1 /* Main.storyboard */ = {
			isa = PBXVariantGroup;
			children = (
				1B95F0F61BC45C77002879C1 /* Base */,
			);
			name = Main.storyboard;
			sourceTree = "<group>";
		};
		1B95F0FA1BC45C77002879C1 /* LaunchScreen.xib */ = {
			isa = PBXVariantGroup;
			children = (
				1B95F0FB1BC45C77002879C1 /* Base */,
			);
			name = LaunchScreen.xib;
			sourceTree = "<group>";
		};
/* End PBXVariantGroup section */

/* Begin XCBuildConfiguration section */
		1B95F1091BC45C77002879C1 /* Debug */ = {
			isa = XCBuildConfiguration;
			buildSettings = {
				ALWAYS_SEARCH_USER_PATHS = NO;
				CLANG_CXX_LANGUAGE_STANDARD = "gnu++0x";
				CLANG_CXX_LIBRARY = "libc++";
				CLANG_ENABLE_MODULES = YES;
				CLANG_ENABLE_OBJC_ARC = YES;
				CLANG_WARN_BOOL_CONVERSION = YES;
				CLANG_WARN_CONSTANT_CONVERSION = YES;
				CLANG_WARN_DIRECT_OBJC_ISA_USAGE = YES_ERROR;
				CLANG_WARN_EMPTY_BODY = YES;
				CLANG_WARN_ENUM_CONVERSION = YES;
				CLANG_WARN_INT_CONVERSION = YES;
				CLANG_WARN_OBJC_ROOT_CLASS = YES_ERROR;
				CLANG_WARN_UNREACHABLE_CODE = YES;
				CLANG_WARN__DUPLICATE_METHOD_MATCH = YES;
				"CODE_SIGN_IDENTITY[sdk=iphoneos*]" = "iPhone Developer";
				COPY_PHASE_STRIP = NO;
				DEBUG_INFORMATION_FORMAT = "dwarf-with-dsym";
				ENABLE_STRICT_OBJC_MSGSEND = YES;
				GCC_C_LANGUAGE_STANDARD = gnu99;
				GCC_DYNAMIC_NO_PIC = NO;
				GCC_NO_COMMON_BLOCKS = YES;
				GCC_OPTIMIZATION_LEVEL = 0;
				GCC_PREPROCESSOR_DEFINITIONS = (
					"DEBUG=1",
					"$(inherited)",
				);
				GCC_SYMBOLS_PRIVATE_EXTERN = NO;
				GCC_WARN_64_TO_32_BIT_CONVERSION = YES;
				GCC_WARN_ABOUT_RETURN_TYPE = YES_ERROR;
				GCC_WARN_UNDECLARED_SELECTOR = YES;
				GCC_WARN_UNINITIALIZED_AUTOS = YES_AGGRESSIVE;
				GCC_WARN_UNUSED_FUNCTION = YES;
				GCC_WARN_UNUSED_VARIABLE = YES;
				IPHONEOS_DEPLOYMENT_TARGET = 8.4;
				MTL_ENABLE_DEBUG_INFO = YES;
				ONLY_ACTIVE_ARCH = YES;
				SDKROOT = iphoneos;
				SWIFT_OPTIMIZATION_LEVEL = "-Onone";
			};
			name = Debug;
		};
		1B95F10A1BC45C77002879C1 /* Release */ = {
			isa = XCBuildConfiguration;
			buildSettings = {
				ALWAYS_SEARCH_USER_PATHS = NO;
				CLANG_CXX_LANGUAGE_STANDARD = "gnu++0x";
				CLANG_CXX_LIBRARY = "libc++";
				CLANG_ENABLE_MODULES = YES;
				CLANG_ENABLE_OBJC_ARC = YES;
				CLANG_WARN_BOOL_CONVERSION = YES;
				CLANG_WARN_CONSTANT_CONVERSION = YES;
				CLANG_WARN_DIRECT_OBJC_ISA_USAGE = YES_ERROR;
				CLANG_WARN_EMPTY_BODY = YES;
				CLANG_WARN_ENUM_CONVERSION = YES;
				CLANG_WARN_INT_CONVERSION = YES;
				CLANG_WARN_OBJC_ROOT_CLASS = YES_ERROR;
				CLANG_WARN_UNREACHABLE_CODE = YES;
				CLANG_WARN__DUPLICATE_METHOD_MATCH = YES;
				"CODE_SIGN_IDENTITY[sdk=iphoneos*]" = "iPhone Developer";
				COPY_PHASE_STRIP = NO;
				DEBUG_INFORMATION_FORMAT = "dwarf-with-dsym";
				ENABLE_NS_ASSERTIONS = NO;
				ENABLE_STRICT_OBJC_MSGSEND = YES;
				GCC_C_LANGUAGE_STANDARD = gnu99;
				GCC_NO_COMMON_BLOCKS = YES;
				GCC_WARN_64_TO_32_BIT_CONVERSION = YES;
				GCC_WARN_ABOUT_RETURN_TYPE = YES_ERROR;
				GCC_WARN_UNDECLARED_SELECTOR = YES;
				GCC_WARN_UNINITIALIZED_AUTOS = YES_AGGRESSIVE;
				GCC_WARN_UNUSED_FUNCTION = YES;
				GCC_WARN_UNUSED_VARIABLE = YES;
				IPHONEOS_DEPLOYMENT_TARGET = 8.4;
				MTL_ENABLE_DEBUG_INFO = NO;
				SDKROOT = iphoneos;
				VALIDATE_PRODUCT = YES;
			};
			name = Release;
		};
		1B95F10C1BC45C77002879C1 /* Debug */ = {
			isa = XCBuildConfiguration;
			buildSettings = {
				ASSETCATALOG_COMPILER_APPICON_NAME = AppIcon;
				INFOPLIST_FILE = TextInputs/Info.plist;
				LD_RUNPATH_SEARCH_PATHS = "$(inherited) @executable_path/Frameworks";
				PRODUCT_NAME = "$(TARGET_NAME)";
			};
			name = Debug;
		};
		1B95F10D1BC45C77002879C1 /* Release */ = {
			isa = XCBuildConfiguration;
			buildSettings = {
				ASSETCATALOG_COMPILER_APPICON_NAME = AppIcon;
				INFOPLIST_FILE = TextInputs/Info.plist;
				LD_RUNPATH_SEARCH_PATHS = "$(inherited) @executable_path/Frameworks";
				PRODUCT_NAME = "$(TARGET_NAME)";
			};
			name = Release;
		};
		1B95F10F1BC45C77002879C1 /* Debug */ = {
			isa = XCBuildConfiguration;
			buildSettings = {
				BUNDLE_LOADER = "$(TEST_HOST)";
				FRAMEWORK_SEARCH_PATHS = (
					"$(SDKROOT)/Developer/Library/Frameworks",
					"$(inherited)",
				);
				GCC_PREPROCESSOR_DEFINITIONS = (
					"DEBUG=1",
					"$(inherited)",
				);
				INFOPLIST_FILE = TextInputsTests/Info.plist;
				LD_RUNPATH_SEARCH_PATHS = "$(inherited) @executable_path/Frameworks @loader_path/Frameworks";
				PRODUCT_NAME = "$(TARGET_NAME)";
				TEST_HOST = "$(BUILT_PRODUCTS_DIR)/TextInputs.app/TextInputs";
			};
			name = Debug;
		};
		1B95F1101BC45C77002879C1 /* Release */ = {
			isa = XCBuildConfiguration;
			buildSettings = {
				BUNDLE_LOADER = "$(TEST_HOST)";
				FRAMEWORK_SEARCH_PATHS = (
					"$(SDKROOT)/Developer/Library/Frameworks",
					"$(inherited)",
				);
				INFOPLIST_FILE = TextInputsTests/Info.plist;
				LD_RUNPATH_SEARCH_PATHS = "$(inherited) @executable_path/Frameworks @loader_path/Frameworks";
				PRODUCT_NAME = "$(TARGET_NAME)";
				TEST_HOST = "$(BUILT_PRODUCTS_DIR)/TextInputs.app/TextInputs";
			};
			name = Release;
		};
/* End XCBuildConfiguration section */

/* Begin XCConfigurationList section */
		1B95F0E71BC45C77002879C1 /* Build configuration list for PBXProject "TextInputs" */ = {
			isa = XCConfigurationList;
			buildConfigurations = (
				1B95F1091BC45C77002879C1 /* Debug */,
				1B95F10A1BC45C77002879C1 /* Release */,
			);
			defaultConfigurationIsVisible = 0;
			defaultConfigurationName = Release;
		};
		1B95F10B1BC45C77002879C1 /* Build configuration list for PBXNativeTarget "TextInputs" */ = {
			isa = XCConfigurationList;
			buildConfigurations = (
				1B95F10C1BC45C77002879C1 /* Debug */,
				1B95F10D1BC45C77002879C1 /* Release */,
			);
			defaultConfigurationIsVisible = 0;
		};
		1B95F10E1BC45C77002879C1 /* Build configuration list for PBXNativeTarget "TextInputsTests" */ = {
			isa = XCConfigurationList;
			buildConfigurations = (
				1B95F10F1BC45C77002879C1 /* Debug */,
				1B95F1101BC45C77002879C1 /* Release */,
			);
			defaultConfigurationIsVisible = 0;
		};
/* End XCConfigurationList section */
	};
	rootObject = 1B95F0E41BC45C77002879C1 /* Project object */;
}
